{
  "version": 4,
  "terraform_version": "1.3.6",
  "serial": 8,
  "lineage": "32fbab45-a8bc-9cd8-377f-256df6c5d88c",
  "outputs": {},
  "resources": [
    {
      "mode": "managed",
      "type": "docker_container",
      "name": "mariadb",
      "provider": "provider[\"registry.terraform.io/kreuzwerker/docker\"]",
      "instances": [
        {
          "schema_version": 2,
          "attributes": {
            "attach": false,
            "bridge": "",
            "capabilities": [],
            "command": [
              "mariadbd"
            ],
            "container_logs": null,
            "cpu_set": "",
            "cpu_shares": 0,
            "destroy_grace_seconds": null,
            "devices": [],
            "dns": null,
            "dns_opts": null,
            "dns_search": null,
            "domainname": "",
            "entrypoint": [
              "docker-entrypoint.sh"
            ],
            "env": [
              "MYSQL_DATABASE=wordpress",
              "MYSQL_PASSWORD=wordpress",
              "MYSQL_ROOT_PASSWORD=somewordpress",
              "MYSQL_USER=wordpress"
            ],
            "exit_code": null,
            "gateway": "172.19.0.1",
            "group_add": null,
            "healthcheck": null,
            "host": [],
            "hostname": "0bb756ab205f",
            "id": "0bb756ab205f5def89799f3572df6d88344b929a4cd95c24c9f1fa27b2569147",
            "image": "sha256:a748acbaccae4dc8152ded948fa5a304df7b0888b4cea9116385e5e3bd812bfc",
            "init": false,
            "ip_address": "172.19.0.2",
            "ip_prefix_length": 16,
            "ipc_mode": "private",
            "labels": [],
            "links": null,
            "log_driver": "json-file",
            "log_opts": null,
            "logs": false,
            "max_retry_count": 0,
            "memory": 0,
            "memory_swap": 0,
            "mounts": [
              {
                "bind_options": [],
                "read_only": null,
                "source": "wp_mariadb_data",
                "target": "/var/lib/mysql",
                "tmpfs_options": [],
                "type": "volume",
                "volume_options": []
              }
            ],
            "must_run": true,
            "name": "wp_mariadb",
            "network_alias": null,
            "network_data": [
              {
                "gateway": "172.19.0.1",
                "global_ipv6_address": "",
                "global_ipv6_prefix_length": 0,
                "ip_address": "172.19.0.2",
                "ip_prefix_length": 16,
                "ipv6_gateway": "",
                "network_name": "wp_network"
              }
            ],
            "network_mode": "wp_network",
            "networks": null,
            "networks_advanced": [],
            "pid_mode": "",
            "ports": [
              {
                "external": 3306,
                "internal": 3306,
                "ip": "0.0.0.0",
                "protocol": "tcp"
              }
            ],
            "privileged": false,
            "publish_all_ports": false,
            "read_only": false,
            "remove_volumes": true,
            "restart": "always",
            "rm": false,
            "security_opts": [],
            "shm_size": 64,
            "start": true,
            "stdin_open": false,
            "sysctls": null,
            "tmpfs": null,
            "tty": false,
            "ulimit": [],
            "upload": [],
            "user": "",
            "userns_mode": "",
            "volumes": [],
            "working_dir": ""
          },
          "sensitive_attributes": [],
          "private": "eyJzY2hlbWFfdmVyc2lvbiI6IjIifQ=="
        }
      ]
    },
    {
      "mode": "managed",
      "type": "docker_container",
      "name": "wordpress",
      "provider": "provider[\"registry.terraform.io/kreuzwerker/docker\"]",
      "instances": [
        {
          "status": "tainted",
          "schema_version": 2,
          "attributes": {
            "attach": false,
            "bridge": null,
            "capabilities": [],
            "command": null,
            "container_logs": null,
            "cpu_set": null,
            "cpu_shares": null,
            "destroy_grace_seconds": null,
            "devices": [],
            "dns": null,
            "dns_opts": null,
            "dns_search": null,
            "domainname": null,
            "entrypoint": null,
            "env": [
              "WORDPRESS_DB_HOST=wp_mariadb",
              "WORDPRESS_DB_NAME=wordpress",
              "WORDPRESS_DB_PASSWORD=wordpress",
              "WORDPRESS_DB_USER=wordpress"
            ],
            "exit_code": null,
            "gateway": null,
            "group_add": null,
            "healthcheck": null,
            "host": [],
            "hostname": null,
            "id": "a219cadc22390cf6648cdc96886aff31ecf7908e9deea1d0b3df0405b2e81b55",
            "image": "wordpress:latest",
            "init": null,
            "ip_address": null,
            "ip_prefix_length": null,
            "ipc_mode": null,
            "labels": [],
            "links": null,
            "log_driver": "json-file",
            "log_opts": null,
            "logs": false,
            "max_retry_count": null,
            "memory": null,
            "memory_swap": null,
            "mounts": [
              {
                "bind_options": [],
                "read_only": null,
                "source": "wp_wordpress_data",
                "target": "/var/www/html",
                "tmpfs_options": [],
                "type": "volume",
                "volume_options": []
              }
            ],
            "must_run": true,
            "name": "wp_wordpress",
            "network_alias": null,
            "network_data": null,
            "network_mode": "wp_network",
            "networks": null,
            "networks_advanced": [],
            "pid_mode": null,
            "ports": [
              {
                "external": 80,
                "internal": 80,
                "ip": "0.0.0.0",
                "protocol": "tcp"
              }
            ],
            "privileged": null,
            "publish_all_ports": null,
            "read_only": false,
            "remove_volumes": true,
            "restart": "always",
            "rm": false,
            "security_opts": [],
            "shm_size": null,
            "start": true,
            "stdin_open": false,
            "sysctls": null,
            "tmpfs": null,
            "tty": false,
            "ulimit": [],
            "upload": [],
            "user": null,
            "userns_mode": null,
            "volumes": [],
            "working_dir": null
          },
          "sensitive_attributes": [],
          "private": "eyJzY2hlbWFfdmVyc2lvbiI6IjIifQ=="
        }
      ]
    },
    {
      "mode": "managed",
      "type": "docker_image",
      "name": "mariadb",
      "provider": "provider[\"registry.terraform.io/kreuzwerker/docker\"]",
      "instances": [
        {
          "schema_version": 0,
          "attributes": {
            "build": [],
            "force_remove": null,
            "id": "sha256:a748acbaccae4dc8152ded948fa5a304df7b0888b4cea9116385e5e3bd812bfcmariadb:latest",
            "keep_locally": false,
            "latest": "sha256:a748acbaccae4dc8152ded948fa5a304df7b0888b4cea9116385e5e3bd812bfc",
            "name": "mariadb:latest",
            "output": null,
            "pull_trigger": null,
            "pull_triggers": null,
            "repo_digest": "mariadb@sha256:8c15c3def7ae1bb408c96d322a3cc0346dba9921964d8f9897312fe17e127b90"
          },
          "sensitive_attributes": [],
          "private": "bnVsbA=="
        }
      ]
    },
    {
      "mode": "managed",
      "type": "docker_image",
      "name": "wordpress",
      "provider": "provider[\"registry.terraform.io/kreuzwerker/docker\"]",
      "instances": [
        {
          "schema_version": 0,
          "attributes": {
            "build": [],
            "force_remove": null,
            "id": "sha256:8b105c533d0c59aa57ff69e111ea5067c941fddd71f8fb3984092b2e1c5cec9dwordpress:latest",
            "keep_locally": false,
            "latest": "sha256:8b105c533d0c59aa57ff69e111ea5067c941fddd71f8fb3984092b2e1c5cec9d",
            "name": "wordpress:latest",
            "output": null,
            "pull_trigger": null,
            "pull_triggers": null,
            "repo_digest": "wordpress@sha256:5e9bf24b13d1ee29c2f7bf086e544c2fd9aa4e60f0f4071f3f53beb20e079313"
          },
          "sensitive_attributes": [],
          "private": "bnVsbA=="
        }
      ]
    },
    {
      "mode": "managed",
      "type": "docker_network",
      "name": "private_network",
      "provider": "provider[\"registry.terraform.io/kreuzwerker/docker\"]",
      "instances": [
        {
          "schema_version": 1,
          "attributes": {
            "attachable": false,
            "check_duplicate": null,
            "driver": "bridge",
            "id": "b36adbc819dc0f4adfe1241b4eeebdcd57d32aa9d1c6364fa2713fbe7ebad05b",
            "ingress": false,
            "internal": false,
            "ipam_config": [
              {
                "aux_address": {},
                "gateway": "172.19.0.1",
                "ip_range": "",
                "subnet": "172.19.0.0/16"
              }
            ],
            "ipam_driver": "default",
            "ipv6": false,
            "labels": [],
            "name": "wp_network",
            "options": {},
            "scope": "local"
          },
          "sensitive_attributes": [],
          "private": "eyJzY2hlbWFfdmVyc2lvbiI6IjEifQ=="
        }
      ]
    },
    {
      "mode": "managed",
      "type": "docker_volume",
      "name": "mariadb_data",
      "provider": "provider[\"registry.terraform.io/kreuzwerker/docker\"]",
      "instances": [
        {
          "schema_version": 1,
          "attributes": {
            "driver": "local",
            "driver_opts": null,
            "id": "wp_mariadb_data",
            "labels": [],
            "mountpoint": "/var/lib/docker/volumes/wp_mariadb_data/_data",
            "name": "wp_mariadb_data"
          },
          "sensitive_attributes": [],
          "private": "eyJzY2hlbWFfdmVyc2lvbiI6IjEifQ=="
        }
      ]
    },
    {
      "mode": "managed",
      "type": "docker_volume",
      "name": "wordpress_data",
      "provider": "provider[\"registry.terraform.io/kreuzwerker/docker\"]",
      "instances": [
        {
          "schema_version": 1,
          "attributes": {
            "driver": "local",
            "driver_opts": null,
            "id": "wp_wordpress_data",
            "labels": [],
            "mountpoint": "/var/lib/docker/volumes/wp_wordpress_data/_data",
            "name": "wp_wordpress_data"
          },
          "sensitive_attributes": [],
          "private": "eyJzY2hlbWFfdmVyc2lvbiI6IjEifQ=="
        }
      ]
    }
  ],
  "check_results": null
}
